
Microsoft Visual Studio Solution File, Format Version 12.00
# Visual Studio Version 16
VisualStudioVersion = 16.0.30907.101
MinimumVisualStudioVersion = 10.0.40219.1
Project("{9A19103F-16F7-4668-BE54-9A1E7A4F7556}") = "Entities", "Entities\Entities.csproj", "{D9DA688A-86EC-413D-8FB2-941A13DC9D4A}"
EndProject
Project("{9A19103F-16F7-4668-BE54-9A1E7A4F7556}") = "DataAccess", "DataAccess\DataAccess.csproj", "{61DC9306-88C2-4722-8842-E83A6115D5F1}"
EndProject
Project("{9A19103F-16F7-4668-BE54-9A1E7A4F7556}") = "Business", "Business\Business.csproj", "{1C768E4E-82D4-4297-A8DB-9030B0BB390F}"
EndProject
Project("{9A19103F-16F7-4668-BE54-9A1E7A4F7556}") = "ConsoleUI", "Console\ConsoleUI.csproj", "{096B084F-D16E-4680-98CD-D29FAFF70A91}"
EndProject
Global
	GlobalSection(SolutionConfigurationPlatforms) = preSolution
		Debug|Any CPU = Debug|Any CPU
		Release|Any CPU = Release|Any CPU
	EndGlobalSection
	GlobalSection(ProjectConfigurationPlatforms) = postSolution
		{D9DA688A-86EC-413D-8FB2-941A13DC9D4A}.Debug|Any CPU.ActiveCfg = Debug|Any CPU
		{D9DA688A-86EC-413D-8FB2-941A13DC9D4A}.Debug|Any CPU.Build.0 = Debug|Any CPU
		{D9DA688A-86EC-413D-8FB2-941A13DC9D4A}.Release|Any CPU.ActiveCfg = Release|Any CPU
		{D9DA688A-86EC-413D-8FB2-941A13DC9D4A}.Release|Any CPU.Build.0 = Release|Any CPU
		{61DC9306-88C2-4722-8842-E83A6115D5F1}.Debug|Any CPU.ActiveCfg = Debug|Any CPU
		{61DC9306-88C2-4722-8842-E83A6115D5F1}.Debug|Any CPU.Build.0 = Debug|Any CPU
		{61DC9306-88C2-4722-8842-E83A6115D5F1}.Release|Any CPU.ActiveCfg = Release|Any CPU
		{61DC9306-88C2-4722-8842-E83A6115D5F1}.Release|Any CPU.Build.0 = Release|Any CPU
		{1C768E4E-82D4-4297-A8DB-9030B0BB390F}.Debug|Any CPU.ActiveCfg = Debug|Any CPU
		{1C768E4E-82D4-4297-A8DB-9030B0BB390F}.Debug|Any CPU.Build.0 = Debug|Any CPU
		{1C768E4E-82D4-4297-A8DB-9030B0BB390F}.Release|Any CPU.ActiveCfg = Release|Any CPU
		{1C768E4E-82D4-4297-A8DB-9030B0BB390F}.Release|Any CPU.Build.0 = Release|Any CPU
		{096B084F-D16E-4680-98CD-D29FAFF70A91}.Debug|Any CPU.ActiveCfg = Debug|Any CPU
		{096B084F-D16E-4680-98CD-D29FAFF70A91}.Debug|Any CPU.Build.0 = Debug|Any CPU
		{096B084F-D16E-4680-98CD-D29FAFF70A91}.Release|Any CPU.ActiveCfg = Release|Any CPU
		{096B084F-D16E-4680-98CD-D29FAFF70A91}.Release|Any CPU.Build.0 = Release|Any CPU
	EndGlobalSection
	GlobalSection(SolutionProperties) = preSolution
		HideSolutionNode = FALSE
	EndGlobalSection
	GlobalSection(ExtensibilityGlobals) = postSolution
		SolutionGuid = {4713BC24-1982-4CB9-9898-4414DB531F86}
	EndGlobalSection
EndGlobal
